Microsoft Visual Studio Solution File, Format Version 12.00
# Visual Studio Version 17
VisualStudioVersion = 17.5.2.0
MinimumVisualStudioVersion = 10.0.40219.1
Project("{2150E333-8FDC-42A3-9474-1A3956D46DE8}") = "src", "src", "{827E0CD3-B72D-47B6-A68D-7590B98EB39B}"
EndProject
Project("{FAE04EC0-301F-11D3-BF4B-00C04F79EFBC}") = "Core", "src\Core\Core.csproj", "{A1234567-B89A-1234-5678-9ABCDEF01234}"
EndProject
Project("{FAE04EC0-301F-11D3-BF4B-00C04F79EFBC}") = "SystemCore", "src\SystemCore\SystemCore.csproj", "{B2345678-C90B-2345-6789-0BCDEF012345}"
EndProject
Project("{FAE04EC0-301F-11D3-BF4B-00C04F79EFBC}") = "TestConsole", "src\TestConsole\TestConsole.csproj", "{14406899-B114-ABC9-2451-E13C0CE56712}"
EndProject
Project("{FAE04EC0-301F-11D3-BF4B-00C04F79EFBC}") = "Devices", "src\Devices\Devices.csproj", "{C3456789-D01C-3456-7890-1CDEF0123456}"
EndProject
Project("{FAE04EC0-301F-11D3-BF4B-00C04F79EFBC}") = "GUI", "src\GUI\GUI.csproj", "{D4567890-E12D-4567-8901-2DEF01234567}"
EndProject
Global
	GlobalSection(SolutionConfigurationPlatforms) = preSolution
		Debug|Any CPU = Debug|Any CPU
		Release|Any CPU = Release|Any CPU
	EndGlobalSection
	GlobalSection(ProjectConfigurationPlatforms) = postSolution
		{A1234567-B89A-1234-5678-9ABCDEF01234}.Debug|Any CPU.ActiveCfg = Debug|Any CPU
		{A1234567-B89A-1234-5678-9ABCDEF01234}.Debug|Any CPU.Build.0 = Debug|Any CPU
		{A1234567-B89A-1234-5678-9ABCDEF01234}.Release|Any CPU.ActiveCfg = Release|Any CPU
		{A1234567-B89A-1234-5678-9ABCDEF01234}.Release|Any CPU.Build.0 = Release|Any CPU
		{B2345678-C90B-2345-6789-0BCDEF012345}.Debug|Any CPU.ActiveCfg = Debug|Any CPU
		{B2345678-C90B-2345-6789-0BCDEF012345}.Debug|Any CPU.Build.0 = Debug|Any CPU
		{B2345678-C90B-2345-6789-0BCDEF012345}.Release|Any CPU.ActiveCfg = Release|Any CPU
		{B2345678-C90B-2345-6789-0BCDEF012345}.Release|Any CPU.Build.0 = Release|Any CPU
		{14406899-B114-ABC9-2451-E13C0CE56712}.Debug|Any CPU.ActiveCfg = Debug|Any CPU
		{14406899-B114-ABC9-2451-E13C0CE56712}.Debug|Any CPU.Build.0 = Debug|Any CPU
		{14406899-B114-ABC9-2451-E13C0CE56712}.Release|Any CPU.ActiveCfg = Release|Any CPU
		{14406899-B114-ABC9-2451-E13C0CE56712}.Release|Any CPU.Build.0 = Release|Any CPU
		{C3456789-D01C-3456-7890-1CDEF0123456}.Debug|Any CPU.ActiveCfg = Debug|Any CPU
		{C3456789-D01C-3456-7890-1CDEF0123456}.Debug|Any CPU.Build.0 = Debug|Any CPU
		{C3456789-D01C-3456-7890-1CDEF0123456}.Release|Any CPU.ActiveCfg = Release|Any CPU
		{C3456789-D01C-3456-7890-1CDEF0123456}.Release|Any CPU.Build.0 = Release|Any CPU
		{D4567890-E12D-4567-8901-2DEF01234567}.Debug|Any CPU.ActiveCfg = Debug|Any CPU
		{D4567890-E12D-4567-8901-2DEF01234567}.Debug|Any CPU.Build.0 = Debug|Any CPU
		{D4567890-E12D-4567-8901-2DEF01234567}.Release|Any CPU.ActiveCfg = Release|Any CPU
		{D4567890-E12D-4567-8901-2DEF01234567}.Release|Any CPU.Build.0 = Release|Any CPU
	EndGlobalSection
	GlobalSection(SolutionProperties) = preSolution
		HideSolutionNode = FALSE
	EndGlobalSection
	GlobalSection(NestedProjects) = preSolution
		{A1234567-B89A-1234-5678-9ABCDEF01234} = {827E0CD3-B72D-47B6-A68D-7590B98EB39B}
		{B2345678-C90B-2345-6789-0BCDEF012345} = {827E0CD3-B72D-47B6-A68D-7590B98EB39B}
		{14406899-B114-ABC9-2451-E13C0CE56712} = {827E0CD3-B72D-47B6-A68D-7590B98EB39B}
		{C3456789-D01C-3456-7890-1CDEF0123456} = {827E0CD3-B72D-47B6-A68D-7590B98EB39B}
		{D4567890-E12D-4567-8901-2DEF01234567} = {827E0CD3-B72D-47B6-A68D-7590B98EB39B}
	EndGlobalSection
	GlobalSection(ExtensibilityGlobals) = postSolution
		SolutionGuid = {0D89FEBB-5BD5-4B0E-AB88-5308B6CABFB3}
	EndGlobalSection
EndGlobal
